// !$*UTF8*$!
{
	archiveVersion = 1;
	classes = {
	};
	objectVersion = 46;
	objects = {

/* Begin PBXBuildFile section */
		181AAF3A1C2284D900BBF3B3 /* main.m in Sources */ = {isa = PBXBuildFile; fileRef = 181AAF391C2284D900BBF3B3 /* main.m */; };
		181AAF3D1C2284D900BBF3B3 /* AppDelegate.m in Sources */ = {isa = PBXBuildFile; fileRef = 181AAF3C1C2284D900BBF3B3 /* AppDelegate.m */; };
		181AAF401C2284D900BBF3B3 /* ViewController.m in Sources */ = {isa = PBXBuildFile; fileRef = 181AAF3F1C2284D900BBF3B3 /* ViewController.m */; };
		181AAF431C2284D900BBF3B3 /* Main.storyboard in Resources */ = {isa = PBXBuildFile; fileRef = 181AAF411C2284D900BBF3B3 /* Main.storyboard */; };
		181AAF451C2284D900BBF3B3 /* Images.xcassets in Resources */ = {isa = PBXBuildFile; fileRef = 181AAF441C2284D900BBF3B3 /* Images.xcassets */; };
		181AAF481C2284D900BBF3B3 /* LaunchScreen.xib in Resources */ = {isa = PBXBuildFile; fileRef = 181AAF461C2284D900BBF3B3 /* LaunchScreen.xib */; };
		181AAF541C2284D900BBF3B3 /* PropertyListFilesTests.m in Sources */ = {isa = PBXBuildFile; fileRef = 181AAF531C2284D900BBF3B3 /* PropertyListFilesTests.m */; };
		181AAF5E1C22857E00BBF3B3 /* student.plist in Resources */ = {isa = PBXBuildFile; fileRef = 181AAF5D1C22857E00BBF3B3 /* student.plist */; };
/* End PBXBuildFile section */

/* Begin PBXContainerItemProxy section */
		181AAF4E1C2284D900BBF3B3 /* PBXContainerItemProxy */ = {
			isa = PBXContainerItemProxy;
			containerPortal = 181AAF2C1C2284D900BBF3B3 /* Project object */;
			proxyType = 1;
			remoteGlobalIDString = 181AAF331C2284D900BBF3B3;
			remoteInfo = PropertyListFiles;
		};
/* End PBXContainerItemProxy section */

/* Begin PBXFileReference section */
		181AAF341C2284D900BBF3B3 /* PropertyListFiles.app */ = {isa = PBXFileReference; explicitFileType = wrapper.application; includeInIndex = 0; path = PropertyListFiles.app; sourceTree = BUILT_PRODUCTS_DIR; };
		181AAF381C2284D900BBF3B3 /* Info.plist */ = {isa = PBXFileReference; lastKnownFileType = text.plist.xml; path = Info.plist; sourceTree = "<group>"; };
		181AAF391C2284D900BBF3B3 /* main.m */ = {isa = PBXFileReference; lastKnownFileType = sourcecode.c.objc; path = main.m; sourceTree = "<group>"; };
		181AAF3B1C2284D900BBF3B3 /* AppDelegate.h */ = {isa = PBXFileReference; lastKnownFileType = sourcecode.c.h; path = AppDelegate.h; sourceTree = "<group>"; };
		181AAF3C1C2284D900BBF3B3 /* AppDelegate.m */ = {isa = PBXFileReference; lastKnownFileType = sourcecode.c.objc; path = AppDelegate.m; sourceTree = "<group>"; };
		181AAF3E1C2284D900BBF3B3 /* ViewController.h */ = {isa = PBXFileReference; lastKnownFileType = sourcecode.c.h; path = ViewController.h; sourceTree = "<group>"; };
		181AAF3F1C2284D900BBF3B3 /* ViewController.m */ = {isa = PBXFileReference; lastKnownFileType = sourcecode.c.objc; path = ViewController.m; sourceTree = "<group>"; };
		181AAF421C2284D900BBF3B3 /* Base */ = {isa = PBXFileReference; lastKnownFileType = file.storyboard; name = Base; path = Base.lproj/Main.storyboard; sourceTree = "<group>"; };
		181AAF441C2284D900BBF3B3 /* Images.xcassets */ = {isa = PBXFileReference; lastKnownFileType = folder.assetcatalog; path = Images.xcassets; sourceTree = "<group>"; };
		181AAF471C2284D900BBF3B3 /* Base */ = {isa = PBXFileReference; lastKnownFileType = file.xib; name = Base; path = Base.lproj/LaunchScreen.xib; sourceTree = "<group>"; };
		181AAF4D1C2284D900BBF3B3 /* PropertyListFilesTests.xctest */ = {isa = PBXFileReference; explicitFileType = wrapper.cfbundle; includeInIndex = 0; path = PropertyListFilesTests.xctest; sourceTree = BUILT_PRODUCTS_DIR; };
		181AAF521C2284D900BBF3B3 /* Info.plist */ = {isa = PBXFileReference; lastKnownFileType = text.plist.xml; path = Info.plist; sourceTree = "<group>"; };
		181AAF531C2284D900BBF3B3 /* PropertyListFilesTests.m */ = {isa = PBXFileReference; lastKnownFileType = sourcecode.c.objc; path = PropertyListFilesTests.m; sourceTree = "<group>"; };
		181AAF5D1C22857E00BBF3B3 /* student.plist */ = {isa = PBXFileReference; fileEncoding = 4; lastKnownFileType = text.plist.xml; path = student.plist; sourceTree = "<group>"; };
/* End PBXFileReference section */

/* Begin PBXFrameworksBuildPhase section */
		181AAF311C2284D900BBF3B3 /* Frameworks */ = {
			isa = PBXFrameworksBuildPhase;
			buildActionMask = 2147483647;
			files = (
			);
			runOnlyForDeploymentPostprocessing = 0;
		};
		181AAF4A1C2284D900BBF3B3 /* Frameworks */ = {
			isa = PBXFrameworksBuildPhase;
			buildActionMask = 2147483647;
			files = (
			);
			runOnlyForDeploymentPostprocessing = 0;
		};
/* End PBXFrameworksBuildPhase section */

/* Begin PBXGroup section */
		181AAF2B1C2284D900BBF3B3 = {
			isa = PBXGroup;
			children = (
				181AAF361C2284D900BBF3B3 /* PropertyListFiles */,
				181AAF501C2284D900BBF3B3 /* PropertyListFilesTests */,
				181AAF351C2284D900BBF3B3 /* Products */,
			);
			sourceTree = "<group>";
		};
		181AAF351C2284D900BBF3B3 /* Products */ = {
			isa = PBXGroup;
			children = (
				181AAF341C2284D900BBF3B3 /* PropertyListFiles.app */,
				181AAF4D1C2284D900BBF3B3 /* PropertyListFilesTests.xctest */,
			);
			name = Products;
			sourceTree = "<group>";
		};
		181AAF361C2284D900BBF3B3 /* PropertyListFiles */ = {
			isa = PBXGroup;
			children = (
				181AAF3B1C2284D900BBF3B3 /* AppDelegate.h */,
				181AAF3C1C2284D900BBF3B3 /* AppDelegate.m */,
				181AAF3E1C2284D900BBF3B3 /* ViewController.h */,
				181AAF3F1C2284D900BBF3B3 /* ViewController.m */,
				181AAF411C2284D900BBF3B3 /* Main.storyboard */,
				181AAF441C2284D900BBF3B3 /* Images.xcassets */,
				181AAF461C2284D900BBF3B3 /* LaunchScreen.xib */,
				181AAF371C2284D900BBF3B3 /* Supporting Files */,
				181AAF5D1C22857E00BBF3B3 /* student.plist */,
			);
			path = PropertyListFiles;
			sourceTree = "<group>";
		};
		181AAF371C2284D900BBF3B3 /* Supporting Files */ = {
			isa = PBXGroup;
			children = (
				181AAF381C2284D900BBF3B3 /* Info.plist */,
				181AAF391C2284D900BBF3B3 /* main.m */,
			);
			name = "Supporting Files";
			sourceTree = "<group>";
		};
		181AAF501C2284D900BBF3B3 /* PropertyListFilesTests */ = {
			isa = PBXGroup;
			children = (
				181AAF531C2284D900BBF3B3 /* PropertyListFilesTests.m */,
				181AAF511C2284D900BBF3B3 /* Supporting Files */,
			);
			path = PropertyListFilesTests;
			sourceTree = "<group>";
		};
		181AAF511C2284D900BBF3B3 /* Supporting Files */ = {
			isa = PBXGroup;
			children = (
				181AAF521C2284D900BBF3B3 /* Info.plist */,
			);
			name = "Supporting Files";
			sourceTree = "<group>";
		};
/* End PBXGroup section */

/* Begin PBXNativeTarget section */
		181AAF331C2284D900BBF3B3 /* PropertyListFiles */ = {
			isa = PBXNativeTarget;
			buildConfigurationList = 181AAF571C2284D900BBF3B3 /* Build configuration list for PBXNativeTarget "PropertyListFiles" */;
			buildPhases = (
				181AAF301C2284D900BBF3B3 /* Sources */,
				181AAF311C2284D900BBF3B3 /* Frameworks */,
				181AAF321C2284D900BBF3B3 /* Resources */,
			);
			buildRules = (
			);
			dependencies = (
			);
			name = PropertyListFiles;
			productName = PropertyListFiles;
			productReference = 181AAF341C2284D900BBF3B3 /* PropertyListFiles.app */;
			productType = "com.apple.product-type.application";
		};
		181AAF4C1C2284D900BBF3B3 /* PropertyListFilesTests */ = {
			isa = PBXNativeTarget;
			buildConfigurationList = 181AAF5A1C2284D900BBF3B3 /* Build configuration list for PBXNativeTarget "PropertyListFilesTests" */;
			buildPhases = (
				181AAF491C2284D900BBF3B3 /* Sources */,
				181AAF4A1C2284D900BBF3B3 /* Frameworks */,
				181AAF4B1C2284D900BBF3B3 /* Resources */,
			);
			buildRules = (
			);
			dependencies = (
				181AAF4F1C2284D900BBF3B3 /* PBXTargetDependency */,
			);
			name = PropertyListFilesTests;
			productName = PropertyListFilesTests;
			productReference = 181AAF4D1C2284D900BBF3B3 /* PropertyListFilesTests.xctest */;
			productType = "com.apple.product-type.bundle.unit-test";
		};
/* End PBXNativeTarget section */

/* Begin PBXProject section */
		181AAF2C1C2284D900BBF3B3 /* Project object */ = {
			isa = PBXProject;
			attributes = {
				LastUpgradeCheck = 0600;
				ORGANIZATIONNAME = CDAC;
				TargetAttributes = {
					181AAF331C2284D900BBF3B3 = {
						CreatedOnToolsVersion = 6.0;
					};
					181AAF4C1C2284D900BBF3B3 = {
						CreatedOnToolsVersion = 6.0;
						TestTargetID = 181AAF331C2284D900BBF3B3;
					};
				};
			};
			buildConfigurationList = 181AAF2F1C2284D900BBF3B3 /* Build configuration list for PBXProject "PropertyListFiles" */;
			compatibilityVersion = "Xcode 3.2";
			developmentRegion = English;
			hasScannedForEncodings = 0;
			knownRegions = (
				en,
				Base,
			);
			mainGroup = 181AAF2B1C2284D900BBF3B3;
			productRefGroup = 181AAF351C2284D900BBF3B3 /* Products */;
			projectDirPath = "";
			projectRoot = "";
			targets = (
				181AAF331C2284D900BBF3B3 /* PropertyListFiles */,
				181AAF4C1C2284D900BBF3B3 /* PropertyListFilesTests */,
			);
		};
/* End PBXProject section */

/* Begin PBXResourcesBuildPhase section */
		181AAF321C2284D900BBF3B3 /* Resources */ = {
			isa = PBXResourcesBuildPhase;
			buildActionMask = 2147483647;
			files = (
				181AAF431C2284D900BBF3B3 /* Main.storyboard in Resources */,
				181AAF481C2284D900BBF3B3 /* LaunchScreen.xib in Resources */,
				181AAF5E1C22857E00BBF3B3 /* student.plist in Resources */,
				181AAF451C2284D900BBF3B3 /* Images.xcassets in Resources */,
			);
			runOnlyForDeploymentPostprocessing = 0;
		};
		181AAF4B1C2284D900BBF3B3 /* Resources */ = {
			isa = PBXResourcesBuildPhase;
			buildActionMask = 2147483647;
			files = (
			);
			runOnlyForDeploymentPostprocessing = 0;
		};
/* End PBXResourcesBuildPhase section */

/* Begin PBXSourcesBuildPhase section */
		181AAF301C2284D900BBF3B3 /* Sources */ = {
			isa = PBXSourcesBuildPhase;
			buildActionMask = 2147483647;
			files = (
				181AAF401C2284D900BBF3B3 /* ViewController.m in Sources */,
				181AAF3D1C2284D900BBF3B3 /* AppDelegate.m in Sources */,
				181AAF3A1C2284D900BBF3B3 /* main.m in Sources */,
			);
			runOnlyForDeploymentPostprocessing = 0;
		};
		181AAF491C2284D900BBF3B3 /* Sources */ = {
			isa = PBXSourcesBuildPhase;
			buildActionMask = 2147483647;
			files = (
				181AAF541C2284D900BBF3B3 /* PropertyListFilesTests.m in Sources */,
			);
			runOnlyForDeploymentPostprocessing = 0;
		};
/* End PBXSourcesBuildPhase section */

/* Begin PBXTargetDependency section */
		181AAF4F1C2284D900BBF3B3 /* PBXTargetDependency */ = {
			isa = PBXTargetDependency;
			target = 181AAF331C2284D900BBF3B3 /* PropertyListFiles */;
			targetProxy = 181AAF4E1C2284D900BBF3B3 /* PBXContainerItemProxy */;
		};
/* End PBXTargetDependency section */

/* Begin PBXVariantGroup section */
		181AAF411C2284D900BBF3B3 /* Main.storyboard */ = {
			isa = PBXVariantGroup;
			children = (
				181AAF421C2284D900BBF3B3 /* Base */,
			);
			name = Main.storyboard;
			sourceTree = "<group>";
		};
		181AAF461C2284D900BBF3B3 /* LaunchScreen.xib */ = {
			isa = PBXVariantGroup;
			children = (
				181AAF471C2284D900BBF3B3 /* Base */,
			);
			name = LaunchScreen.xib;
			sourceTree = "<group>";
		};
/* End PBXVariantGroup section */

/* Begin XCBuildConfiguration section */
		181AAF551C2284D900BBF3B3 /* Debug */ = {
			isa = XCBuildConfiguration;
			buildSettings = {
				ALWAYS_SEARCH_USER_PATHS = NO;
				CLANG_CXX_LANGUAGE_STANDARD = "gnu++0x";
				CLANG_CXX_LIBRARY = "libc++";
				CLANG_ENABLE_MODULES = YES;
				CLANG_ENABLE_OBJC_ARC = YES;
				CLANG_WARN_BOOL_CONVERSION = YES;
				CLANG_WARN_CONSTANT_CONVERSION = YES;
				CLANG_WARN_DIRECT_OBJC_ISA_USAGE = YES_ERROR;
				CLANG_WARN_EMPTY_BODY = YES;
				CLANG_WARN_ENUM_CONVERSION = YES;
				CLANG_WARN_INT_CONVERSION = YES;
				CLANG_WARN_OBJC_ROOT_CLASS = YES_ERROR;
				CLANG_WARN_UNREACHABLE_CODE = YES;
				CLANG_WARN__DUPLICATE_METHOD_MATCH = YES;
				"CODE_SIGN_IDENTITY[sdk=iphoneos*]" = "iPhone Developer";
				COPY_PHASE_STRIP = NO;
				ENABLE_STRICT_OBJC_MSGSEND = YES;
				GCC_C_LANGUAGE_STANDARD = gnu99;
				GCC_DYNAMIC_NO_PIC = NO;
				GCC_OPTIMIZATION_LEVEL = 0;
				GCC_PREPROCESSOR_DEFINITIONS = (
					"DEBUG=1",
					"$(inherited)",
				);
				GCC_SYMBOLS_PRIVATE_EXTERN = NO;
				GCC_WARN_64_TO_32_BIT_CONVERSION = YES;
				GCC_WARN_ABOUT_RETURN_TYPE = YES_ERROR;
				GCC_WARN_UNDECLARED_SELECTOR = YES;
				GCC_WARN_UNINITIALIZED_AUTOS = YES_AGGRESSIVE;
				GCC_WARN_UNUSED_FUNCTION = YES;
				GCC_WARN_UNUSED_VARIABLE = YES;
				IPHONEOS_DEPLOYMENT_TARGET = 8.0;
				MTL_ENABLE_DEBUG_INFO = YES;
				ONLY_ACTIVE_ARCH = YES;
				SDKROOT = iphoneos;
			};
			name = Debug;
		};
		181AAF561C2284D900BBF3B3 /* Release */ = {
			isa = XCBuildConfiguration;
			buildSettings = {
				ALWAYS_SEARCH_USER_PATHS = NO;
				CLANG_CXX_LANGUAGE_STANDARD = "gnu++0x";
				CLANG_CXX_LIBRARY = "libc++";
				CLANG_ENABLE_MODULES = YES;
				CLANG_ENABLE_OBJC_ARC = YES;
				CLANG_WARN_BOOL_CONVERSION = YES;
				CLANG_WARN_CONSTANT_CONVERSION = YES;
				CLANG_WARN_DIRECT_OBJC_ISA_USAGE = YES_ERROR;
				CLANG_WARN_EMPTY_BODY = YES;
				CLANG_WARN_ENUM_CONVERSION = YES;
				CLANG_WARN_INT_CONVERSION = YES;
				CLANG_WARN_OBJC_ROOT_CLASS = YES_ERROR;
				CLANG_WARN_UNREACHABLE_CODE = YES;
				CLANG_WARN__DUPLICATE_METHOD_MATCH = YES;
				"CODE_SIGN_IDENTITY[sdk=iphoneos*]" = "iPhone Developer";
				COPY_PHASE_STRIP = YES;
				ENABLE_NS_ASSERTIONS = NO;
				ENABLE_STRICT_OBJC_MSGSEND = YES;
				GCC_C_LANGUAGE_STANDARD = gnu99;
				GCC_WARN_64_TO_32_BIT_CONVERSION = YES;
				GCC_WARN_ABOUT_RETURN_TYPE = YES_ERROR;
				GCC_WARN_UNDECLARED_SELECTOR = YES;
				GCC_WARN_UNINITIALIZED_AUTOS = YES_AGGRESSIVE;
				GCC_WARN_UNUSED_FUNCTION = YES;
				GCC_WARN_UNUSED_VARIABLE = YES;
				IPHONEOS_DEPLOYMENT_TARGET = 8.0;
				MTL_ENABLE_DEBUG_INFO = NO;
				SDKROOT = iphoneos;
				VALIDATE_PRODUCT = YES;
			};
			name = Release;
		};
		181AAF581C2284D900BBF3B3 /* Debug */ = {
			isa = XCBuildConfiguration;
			buildSettings = {
				ASSETCATALOG_COMPILER_APPICON_NAME = AppIcon;
				INFOPLIST_FILE = PropertyListFiles/Info.plist;
				LD_RUNPATH_SEARCH_PATHS = "$(inherited) @executable_path/Frameworks";
				PRODUCT_NAME = "$(TARGET_NAME)";
			};
			name = Debug;
		};
		181AAF591C2284D900BBF3B3 /* Release */ = {
			isa = XCBuildConfiguration;
			buildSettings = {
				ASSETCATALOG_COMPILER_APPICON_NAME = AppIcon;
				INFOPLIST_FILE = PropertyListFiles/Info.plist;
				LD_RUNPATH_SEARCH_PATHS = "$(inherited) @executable_path/Frameworks";
				PRODUCT_NAME = "$(TARGET_NAME)";
			};
			name = Release;
		};
		181AAF5B1C2284D900BBF3B3 /* Debug */ = {
			isa = XCBuildConfiguration;
			buildSettings = {
				BUNDLE_LOADER = "$(TEST_HOST)";
				FRAMEWORK_SEARCH_PATHS = (
					"$(SDKROOT)/Developer/Library/Frameworks",
					"$(inherited)",
				);
				GCC_PREPROCESSOR_DEFINITIONS = (
					"DEBUG=1",
					"$(inherited)",
				);
				INFOPLIST_FILE = PropertyListFilesTests/Info.plist;
				LD_RUNPATH_SEARCH_PATHS = "$(inherited) @executable_path/Frameworks @loader_path/Frameworks";
				PRODUCT_NAME = "$(TARGET_NAME)";
				TEST_HOST = "$(BUILT_PRODUCTS_DIR)/PropertyListFiles.app/PropertyListFiles";
			};
			name = Debug;
		};
		181AAF5C1C2284D900BBF3B3 /* Release */ = {
			isa = XCBuildConfiguration;
			buildSettings = {
				BUNDLE_LOADER = "$(TEST_HOST)";
				FRAMEWORK_SEARCH_PATHS = (
					"$(SDKROOT)/Developer/Library/Frameworks",
					"$(inherited)",
				);
				INFOPLIST_FILE = PropertyListFilesTests/Info.plist;
				LD_RUNPATH_SEARCH_PATHS = "$(inherited) @executable_path/Frameworks @loader_path/Frameworks";
				PRODUCT_NAME = "$(TARGET_NAME)";
				TEST_HOST = "$(BUILT_PRODUCTS_DIR)/PropertyListFiles.app/PropertyListFiles";
			};
			name = Release;
		};
/* End XCBuildConfiguration section */

/* Begin XCConfigurationList section */
		181AAF2F1C2284D900BBF3B3 /* Build configuration list for PBXProject "PropertyListFiles" */ = {
			isa = XCConfigurationList;
			buildConfigurations = (
				181AAF551C2284D900BBF3B3 /* Debug */,
				181AAF561C2284D900BBF3B3 /* Release */,
			);
			defaultConfigurationIsVisible = 0;
			defaultConfigurationName = Release;
		};
		181AAF571C2284D900BBF3B3 /* Build configuration list for PBXNativeTarget "PropertyListFiles" */ = {
			isa = XCConfigurationList;
			buildConfigurations = (
				181AAF581C2284D900BBF3B3 /* Debug */,
				181AAF591C2284D900BBF3B3 /* Release */,
			);
			defaultConfigurationIsVisible = 0;
		};
		181AAF5A1C2284D900BBF3B3 /* Build configuration list for PBXNativeTarget "PropertyListFilesTests" */ = {
			isa = XCConfigurationList;
			buildConfigurations = (
				181AAF5B1C2284D900BBF3B3 /* Debug */,
				181AAF5C1C2284D900BBF3B3 /* Release */,
			);
			defaultConfigurationIsVisible = 0;
		};
/* End XCConfigurationList section */
	};
	rootObject = 181AAF2C1C2284D900BBF3B3 /* Project object */;
}
